// !$*UTF8*$!
{
	archiveVersion = 1;
	classes = {
	};
	objectVersion = 55;
	objects = {

/* Begin PBXBuildFile section */
		040D481D2A03BD4900D51CB1 /* YZXUnlimitedRotationViewCenterOutExtension.swift in Sources */ = {isa = PBXBuildFile; fileRef = 040D481C2A03BD4900D51CB1 /* YZXUnlimitedRotationViewCenterOutExtension.swift */; };
		0428204D2A04DC9C0090D217 /* YZXAlertTransitioningAnimateViewController.swift in Sources */ = {isa = PBXBuildFile; fileRef = 0428204C2A04DC9C0090D217 /* YZXAlertTransitioningAnimateViewController.swift */; };
		0428204F2A04DD0A0090D217 /* YZXAlertTransitioningAnimate.swift in Sources */ = {isa = PBXBuildFile; fileRef = 0428204E2A04DD0A0090D217 /* YZXAlertTransitioningAnimate.swift */; };
		042820512A04E37F0090D217 /* YZXAlertTestViewController.swift in Sources */ = {isa = PBXBuildFile; fileRef = 042820502A04E37F0090D217 /* YZXAlertTestViewController.swift */; };
		04AF020D29F7C871000964A6 /* YZXPageControl.swift in Sources */ = {isa = PBXBuildFile; fileRef = 04AF020B29F7C871000964A6 /* YZXPageControl.swift */; };
		04AF020E29F7C871000964A6 /* YZXUnlimitedRotationView.swift in Sources */ = {isa = PBXBuildFile; fileRef = 04AF020C29F7C871000964A6 /* YZXUnlimitedRotationView.swift */; };
		04AF021029F7C886000964A6 /* YZXUnlimitedRotationViewController.swift in Sources */ = {isa = PBXBuildFile; fileRef = 04AF020F29F7C886000964A6 /* YZXUnlimitedRotationViewController.swift */; };
		04AF021329F7CD68000964A6 /* YZXRectTranslationAnimationLayer.swift in Sources */ = {isa = PBXBuildFile; fileRef = 04AF021229F7CD68000964A6 /* YZXRectTranslationAnimationLayer.swift */; };
		04AF021529F7DAEC000964A6 /* YZXRectTranslationAnimationViewController.swift in Sources */ = {isa = PBXBuildFile; fileRef = 04AF021429F7DAEC000964A6 /* YZXRectTranslationAnimationViewController.swift */; };
		04AF021729F7E18E000964A6 /* YZXRectTranslationAnimationTestView.swift in Sources */ = {isa = PBXBuildFile; fileRef = 04AF021629F7E18E000964A6 /* YZXRectTranslationAnimationTestView.swift */; };
		04FE593729F2301F00BD5D2D /* AppDelegate.swift in Sources */ = {isa = PBXBuildFile; fileRef = 04FE593629F2301F00BD5D2D /* AppDelegate.swift */; };
		04FE593B29F2301F00BD5D2D /* ViewController.swift in Sources */ = {isa = PBXBuildFile; fileRef = 04FE593A29F2301F00BD5D2D /* ViewController.swift */; };
		04FE594029F2302000BD5D2D /* Assets.xcassets in Resources */ = {isa = PBXBuildFile; fileRef = 04FE593F29F2302000BD5D2D /* Assets.xcassets */; };
		04FE594F29F23AFD00BD5D2D /* UIColorExtension.swift in Sources */ = {isa = PBXBuildFile; fileRef = 04FE594B29F23AFD00BD5D2D /* UIColorExtension.swift */; };
		04FE595029F23AFD00BD5D2D /* YZXSingleCircleView.swift in Sources */ = {isa = PBXBuildFile; fileRef = 04FE594C29F23AFD00BD5D2D /* YZXSingleCircleView.swift */; };
		04FE595129F23AFD00BD5D2D /* YZXPluralCircleView.swift in Sources */ = {isa = PBXBuildFile; fileRef = 04FE594D29F23AFD00BD5D2D /* YZXPluralCircleView.swift */; };
		04FE595429F23B5100BD5D2D /* YZXCircleViewController.swift in Sources */ = {isa = PBXBuildFile; fileRef = 04FE595329F23B5100BD5D2D /* YZXCircleViewController.swift */; };
		04FE595629F2666F00BD5D2D /* YZXRandomCell.swift in Sources */ = {isa = PBXBuildFile; fileRef = 04FE595529F2666F00BD5D2D /* YZXRandomCell.swift */; };
		32E6949574CCA17F9C9C5A06 /* Pods_YZXRandomProject.framework in Frameworks */ = {isa = PBXBuildFile; fileRef = 0A836CD1A7B815075A6EDA7A /* Pods_YZXRandomProject.framework */; };
/* End PBXBuildFile section */

/* Begin PBXFileReference section */
		040D481C2A03BD4900D51CB1 /* YZXUnlimitedRotationViewCenterOutExtension.swift */ = {isa = PBXFileReference; fileEncoding = 4; lastKnownFileType = sourcecode.swift; path = YZXUnlimitedRotationViewCenterOutExtension.swift; sourceTree = "<group>"; };
		0428204C2A04DC9C0090D217 /* YZXAlertTransitioningAnimateViewController.swift */ = {isa = PBXFileReference; lastKnownFileType = sourcecode.swift; path = YZXAlertTransitioningAnimateViewController.swift; sourceTree = "<group>"; };
		0428204E2A04DD0A0090D217 /* YZXAlertTransitioningAnimate.swift */ = {isa = PBXFileReference; lastKnownFileType = sourcecode.swift; path = YZXAlertTransitioningAnimate.swift; sourceTree = "<group>"; };
		042820502A04E37F0090D217 /* YZXAlertTestViewController.swift */ = {isa = PBXFileReference; lastKnownFileType = sourcecode.swift; path = YZXAlertTestViewController.swift; sourceTree = "<group>"; };
		04AF020B29F7C871000964A6 /* YZXPageControl.swift */ = {isa = PBXFileReference; fileEncoding = 4; lastKnownFileType = sourcecode.swift; path = YZXPageControl.swift; sourceTree = "<group>"; };
		04AF020C29F7C871000964A6 /* YZXUnlimitedRotationView.swift */ = {isa = PBXFileReference; fileEncoding = 4; lastKnownFileType = sourcecode.swift; path = YZXUnlimitedRotationView.swift; sourceTree = "<group>"; };
		04AF020F29F7C886000964A6 /* YZXUnlimitedRotationViewController.swift */ = {isa = PBXFileReference; fileEncoding = 4; lastKnownFileType = sourcecode.swift; path = YZXUnlimitedRotationViewController.swift; sourceTree = "<group>"; };
		04AF021229F7CD68000964A6 /* YZXRectTranslationAnimationLayer.swift */ = {isa = PBXFileReference; lastKnownFileType = sourcecode.swift; path = YZXRectTranslationAnimationLayer.swift; sourceTree = "<group>"; };
		04AF021429F7DAEC000964A6 /* YZXRectTranslationAnimationViewController.swift */ = {isa = PBXFileReference; lastKnownFileType = sourcecode.swift; path = YZXRectTranslationAnimationViewController.swift; sourceTree = "<group>"; };
		04AF021629F7E18E000964A6 /* YZXRectTranslationAnimationTestView.swift */ = {isa = PBXFileReference; lastKnownFileType = sourcecode.swift; path = YZXRectTranslationAnimationTestView.swift; sourceTree = "<group>"; };
		04FE593329F2301F00BD5D2D /* YZXRandomProject.app */ = {isa = PBXFileReference; explicitFileType = wrapper.application; includeInIndex = 0; path = YZXRandomProject.app; sourceTree = BUILT_PRODUCTS_DIR; };
		04FE593629F2301F00BD5D2D /* AppDelegate.swift */ = {isa = PBXFileReference; lastKnownFileType = sourcecode.swift; path = AppDelegate.swift; sourceTree = "<group>"; };
		04FE593A29F2301F00BD5D2D /* ViewController.swift */ = {isa = PBXFileReference; lastKnownFileType = sourcecode.swift; path = ViewController.swift; sourceTree = "<group>"; };
		04FE593F29F2302000BD5D2D /* Assets.xcassets */ = {isa = PBXFileReference; lastKnownFileType = folder.assetcatalog; path = Assets.xcassets; sourceTree = "<group>"; };
		04FE594429F2302000BD5D2D /* Info.plist */ = {isa = PBXFileReference; lastKnownFileType = text.plist.xml; path = Info.plist; sourceTree = "<group>"; };
		04FE594B29F23AFD00BD5D2D /* UIColorExtension.swift */ = {isa = PBXFileReference; fileEncoding = 4; lastKnownFileType = sourcecode.swift; path = UIColorExtension.swift; sourceTree = "<group>"; };
		04FE594C29F23AFD00BD5D2D /* YZXSingleCircleView.swift */ = {isa = PBXFileReference; fileEncoding = 4; lastKnownFileType = sourcecode.swift; path = YZXSingleCircleView.swift; sourceTree = "<group>"; };
		04FE594D29F23AFD00BD5D2D /* YZXPluralCircleView.swift */ = {isa = PBXFileReference; fileEncoding = 4; lastKnownFileType = sourcecode.swift; path = YZXPluralCircleView.swift; sourceTree = "<group>"; };
		04FE595329F23B5100BD5D2D /* YZXCircleViewController.swift */ = {isa = PBXFileReference; fileEncoding = 4; lastKnownFileType = sourcecode.swift; path = YZXCircleViewController.swift; sourceTree = "<group>"; };
		04FE595529F2666F00BD5D2D /* YZXRandomCell.swift */ = {isa = PBXFileReference; lastKnownFileType = sourcecode.swift; path = YZXRandomCell.swift; sourceTree = "<group>"; };
		0A836CD1A7B815075A6EDA7A /* Pods_YZXRandomProject.framework */ = {isa = PBXFileReference; explicitFileType = wrapper.framework; includeInIndex = 0; path = Pods_YZXRandomProject.framework; sourceTree = BUILT_PRODUCTS_DIR; };
		20EBA2F76B00FF375A7BB8F6 /* Pods-YZXRandomProject.release.xcconfig */ = {isa = PBXFileReference; includeInIndex = 1; lastKnownFileType = text.xcconfig; name = "Pods-YZXRandomProject.release.xcconfig"; path = "Target Support Files/Pods-YZXRandomProject/Pods-YZXRandomProject.release.xcconfig"; sourceTree = "<group>"; };
		579FF6A8CA1E477B0D9A3496 /* Pods-YZXRandomProject.debug.xcconfig */ = {isa = PBXFileReference; includeInIndex = 1; lastKnownFileType = text.xcconfig; name = "Pods-YZXRandomProject.debug.xcconfig"; path = "Target Support Files/Pods-YZXRandomProject/Pods-YZXRandomProject.debug.xcconfig"; sourceTree = "<group>"; };
/* End PBXFileReference section */

/* Begin PBXFrameworksBuildPhase section */
		04FE593029F2301F00BD5D2D /* Frameworks */ = {
			isa = PBXFrameworksBuildPhase;
			buildActionMask = 2147483647;
			files = (
				32E6949574CCA17F9C9C5A06 /* Pods_YZXRandomProject.framework in Frameworks */,
			);
			runOnlyForDeploymentPostprocessing = 0;
		};
/* End PBXFrameworksBuildPhase section */

/* Begin PBXGroup section */
		0428204B2A04DC700090D217 /* YZXAlertTransitioningAnimate */ = {
			isa = PBXGroup;
			children = (
				042820522A04E6680090D217 /* ViewController */,
				0428204E2A04DD0A0090D217 /* YZXAlertTransitioningAnimate.swift */,
			);
			path = YZXAlertTransitioningAnimate;
			sourceTree = "<group>";
		};
		042820522A04E6680090D217 /* ViewController */ = {
			isa = PBXGroup;
			children = (
				0428204C2A04DC9C0090D217 /* YZXAlertTransitioningAnimateViewController.swift */,
				042820502A04E37F0090D217 /* YZXAlertTestViewController.swift */,
			);
			path = ViewController;
			sourceTree = "<group>";
		};
		042820532A04E6910090D217 /* ViewController */ = {
			isa = PBXGroup;
			children = (
				04AF021629F7E18E000964A6 /* YZXRectTranslationAnimationTestView.swift */,
				04AF021429F7DAEC000964A6 /* YZXRectTranslationAnimationViewController.swift */,
			);
			path = ViewController;
			sourceTree = "<group>";
		};
		042820542A04E6A80090D217 /* ViewController */ = {
			isa = PBXGroup;
			children = (
				04AF020F29F7C886000964A6 /* YZXUnlimitedRotationViewController.swift */,
			);
			path = ViewController;
			sourceTree = "<group>";
		};
		042820552A04E6C90090D217 /* ViewController */ = {
			isa = PBXGroup;
			children = (
				04FE595329F23B5100BD5D2D /* YZXCircleViewController.swift */,
			);
			path = ViewController;
			sourceTree = "<group>";
		};
		04AF020A29F7C871000964A6 /* YZXUnlimitedRotationView */ = {
			isa = PBXGroup;
			children = (
				042820542A04E6A80090D217 /* ViewController */,
				040D481C2A03BD4900D51CB1 /* YZXUnlimitedRotationViewCenterOutExtension.swift */,
				04AF020B29F7C871000964A6 /* YZXPageControl.swift */,
				04AF020C29F7C871000964A6 /* YZXUnlimitedRotationView.swift */,
			);
			path = YZXUnlimitedRotationView;
			sourceTree = "<group>";
		};
		04AF021129F7CD45000964A6 /* YZXAnimationTest */ = {
			isa = PBXGroup;
			children = (
				042820532A04E6910090D217 /* ViewController */,
				04AF021229F7CD68000964A6 /* YZXRectTranslationAnimationLayer.swift */,
			);
			path = YZXAnimationTest;
			sourceTree = "<group>";
		};
		04FE592A29F2301F00BD5D2D = {
			isa = PBXGroup;
			children = (
				04FE593529F2301F00BD5D2D /* YZXRandomProject */,
				04FE593429F2301F00BD5D2D /* Products */,
				07B494164735103B39C5CAD1 /* Pods */,
				2C479AB408FE0CE0E5EA1B3E /* Frameworks */,
			);
			sourceTree = "<group>";
		};
		04FE593429F2301F00BD5D2D /* Products */ = {
			isa = PBXGroup;
			children = (
				04FE593329F2301F00BD5D2D /* YZXRandomProject.app */,
			);
			name = Products;
			sourceTree = "<group>";
		};
		04FE593529F2301F00BD5D2D /* YZXRandomProject */ = {
			isa = PBXGroup;
			children = (
				04FE593629F2301F00BD5D2D /* AppDelegate.swift */,
				04FE593A29F2301F00BD5D2D /* ViewController.swift */,
				04FE595529F2666F00BD5D2D /* YZXRandomCell.swift */,
				0428204B2A04DC700090D217 /* YZXAlertTransitioningAnimate */,
				04AF021129F7CD45000964A6 /* YZXAnimationTest */,
				04AF020A29F7C871000964A6 /* YZXUnlimitedRotationView */,
				04FE594A29F23AFD00BD5D2D /* YZXCircle */,
				04FE593F29F2302000BD5D2D /* Assets.xcassets */,
				04FE594429F2302000BD5D2D /* Info.plist */,
			);
			path = YZXRandomProject;
			sourceTree = "<group>";
		};
		04FE594A29F23AFD00BD5D2D /* YZXCircle */ = {
			isa = PBXGroup;
			children = (
				042820552A04E6C90090D217 /* ViewController */,
				04FE594B29F23AFD00BD5D2D /* UIColorExtension.swift */,
				04FE594C29F23AFD00BD5D2D /* YZXSingleCircleView.swift */,
				04FE594D29F23AFD00BD5D2D /* YZXPluralCircleView.swift */,
			);
			path = YZXCircle;
			sourceTree = "<group>";
		};
		07B494164735103B39C5CAD1 /* Pods */ = {
			isa = PBXGroup;
			children = (
				579FF6A8CA1E477B0D9A3496 /* Pods-YZXRandomProject.debug.xcconfig */,
				20EBA2F76B00FF375A7BB8F6 /* Pods-YZXRandomProject.release.xcconfig */,
			);
			path = Pods;
			sourceTree = "<group>";
		};
		2C479AB408FE0CE0E5EA1B3E /* Frameworks */ = {
			isa = PBXGroup;
			children = (
				0A836CD1A7B815075A6EDA7A /* Pods_YZXRandomProject.framework */,
			);
			name = Frameworks;
			sourceTree = "<group>";
		};
/* End PBXGroup section */

/* Begin PBXNativeTarget section */
		04FE593229F2301F00BD5D2D /* YZXRandomProject */ = {
			isa = PBXNativeTarget;
			buildConfigurationList = 04FE594729F2302000BD5D2D /* Build configuration list for PBXNativeTarget "YZXRandomProject" */;
			buildPhases = (
				09651E6715F86143479F0D6D /* [CP] Check Pods Manifest.lock */,
				04FE592F29F2301F00BD5D2D /* Sources */,
				04FE593029F2301F00BD5D2D /* Frameworks */,
				04FE593129F2301F00BD5D2D /* Resources */,
				AB69CD9FDB1693E0DD902095 /* [CP] Embed Pods Frameworks */,
			);
			buildRules = (
			);
			dependencies = (
			);
			name = YZXRandomProject;
			productName = YZXRandomProject;
			productReference = 04FE593329F2301F00BD5D2D /* YZXRandomProject.app */;
			productType = "com.apple.product-type.application";
		};
/* End PBXNativeTarget section */

/* Begin PBXProject section */
		04FE592B29F2301F00BD5D2D /* Project object */ = {
			isa = PBXProject;
			attributes = {
				BuildIndependentTargetsInParallel = 1;
				LastSwiftUpdateCheck = 1420;
				LastUpgradeCheck = 1420;
				TargetAttributes = {
					04FE593229F2301F00BD5D2D = {
						CreatedOnToolsVersion = 14.2;
					};
				};
			};
			buildConfigurationList = 04FE592E29F2301F00BD5D2D /* Build configuration list for PBXProject "YZXRandomProject" */;
			compatibilityVersion = "Xcode 13.0";
			developmentRegion = en;
			hasScannedForEncodings = 0;
			knownRegions = (
				en,
				Base,
			);
			mainGroup = 04FE592A29F2301F00BD5D2D;
			productRefGroup = 04FE593429F2301F00BD5D2D /* Products */;
			projectDirPath = "";
			projectRoot = "";
			targets = (
				04FE593229F2301F00BD5D2D /* YZXRandomProject */,
			);
		};
/* End PBXProject section */

/* Begin PBXResourcesBuildPhase section */
		04FE593129F2301F00BD5D2D /* Resources */ = {
			isa = PBXResourcesBuildPhase;
			buildActionMask = 2147483647;
			files = (
				04FE594029F2302000BD5D2D /* Assets.xcassets in Resources */,
			);
			runOnlyForDeploymentPostprocessing = 0;
		};
/* End PBXResourcesBuildPhase section */

/* Begin PBXShellScriptBuildPhase section */
		09651E6715F86143479F0D6D /* [CP] Check Pods Manifest.lock */ = {
			isa = PBXShellScriptBuildPhase;
			buildActionMask = 2147483647;
			files = (
			);
			inputFileListPaths = (
			);
			inputPaths = (
				"${PODS_PODFILE_DIR_PATH}/Podfile.lock",
				"${PODS_ROOT}/Manifest.lock",
			);
			name = "[CP] Check Pods Manifest.lock";
			outputFileListPaths = (
			);
			outputPaths = (
				"$(DERIVED_FILE_DIR)/Pods-YZXRandomProject-checkManifestLockResult.txt",
			);
			runOnlyForDeploymentPostprocessing = 0;
			shellPath = /bin/sh;
			shellScript = "diff \"${PODS_PODFILE_DIR_PATH}/Podfile.lock\" \"${PODS_ROOT}/Manifest.lock\" > /dev/null\nif [ $? != 0 ] ; then\n    # print error to STDERR\n    echo \"error: The sandbox is not in sync with the Podfile.lock. Run 'pod install' or update your CocoaPods installation.\" >&2\n    exit 1\nfi\n# This output is used by Xcode 'outputs' to avoid re-running this script phase.\necho \"SUCCESS\" > \"${SCRIPT_OUTPUT_FILE_0}\"\n";
			showEnvVarsInLog = 0;
		};
		AB69CD9FDB1693E0DD902095 /* [CP] Embed Pods Frameworks */ = {
			isa = PBXShellScriptBuildPhase;
			buildActionMask = 2147483647;
			files = (
			);
			inputFileListPaths = (
				"${PODS_ROOT}/Target Support Files/Pods-YZXRandomProject/Pods-YZXRandomProject-frameworks-${CONFIGURATION}-input-files.xcfilelist",
			);
			name = "[CP] Embed Pods Frameworks";
			outputFileListPaths = (
				"${PODS_ROOT}/Target Support Files/Pods-YZXRandomProject/Pods-YZXRandomProject-frameworks-${CONFIGURATION}-output-files.xcfilelist",
			);
			runOnlyForDeploymentPostprocessing = 0;
			shellPath = /bin/sh;
			shellScript = "\"${PODS_ROOT}/Target Support Files/Pods-YZXRandomProject/Pods-YZXRandomProject-frameworks.sh\"\n";
			showEnvVarsInLog = 0;
		};
/* End PBXShellScriptBuildPhase section */

/* Begin PBXSourcesBuildPhase section */
		04FE592F29F2301F00BD5D2D /* Sources */ = {
			isa = PBXSourcesBuildPhase;
			buildActionMask = 2147483647;
			files = (
				04AF021029F7C886000964A6 /* YZXUnlimitedRotationViewController.swift in Sources */,
				04AF021529F7DAEC000964A6 /* YZXRectTranslationAnimationViewController.swift in Sources */,
				040D481D2A03BD4900D51CB1 /* YZXUnlimitedRotationViewCenterOutExtension.swift in Sources */,
				0428204D2A04DC9C0090D217 /* YZXAlertTransitioningAnimateViewController.swift in Sources */,
				04AF020D29F7C871000964A6 /* YZXPageControl.swift in Sources */,
				04FE595029F23AFD00BD5D2D /* YZXSingleCircleView.swift in Sources */,
				04FE593B29F2301F00BD5D2D /* ViewController.swift in Sources */,
				04FE595429F23B5100BD5D2D /* YZXCircleViewController.swift in Sources */,
				0428204F2A04DD0A0090D217 /* YZXAlertTransitioningAnimate.swift in Sources */,
				04FE595629F2666F00BD5D2D /* YZXRandomCell.swift in Sources */,
				04AF020E29F7C871000964A6 /* YZXUnlimitedRotationView.swift in Sources */,
				042820512A04E37F0090D217 /* YZXAlertTestViewController.swift in Sources */,
				04FE595129F23AFD00BD5D2D /* YZXPluralCircleView.swift in Sources */,
				04AF021729F7E18E000964A6 /* YZXRectTranslationAnimationTestView.swift in Sources */,
				04FE593729F2301F00BD5D2D /* AppDelegate.swift in Sources */,
				04AF021329F7CD68000964A6 /* YZXRectTranslationAnimationLayer.swift in Sources */,
				04FE594F29F23AFD00BD5D2D /* UIColorExtension.swift in Sources */,
			);
			runOnlyForDeploymentPostprocessing = 0;
		};
/* End PBXSourcesBuildPhase section */

/* Begin XCBuildConfiguration section */
		04FE594529F2302000BD5D2D /* Debug */ = {
			isa = XCBuildConfiguration;
			buildSettings = {
				ALWAYS_SEARCH_USER_PATHS = NO;
				CLANG_ANALYZER_NONNULL = YES;
				CLANG_ANALYZER_NUMBER_OBJECT_CONVERSION = YES_AGGRESSIVE;
				CLANG_CXX_LANGUAGE_STANDARD = "gnu++20";
				CLANG_ENABLE_MODULES = YES;
				CLANG_ENABLE_OBJC_ARC = YES;
				CLANG_ENABLE_OBJC_WEAK = YES;
				CLANG_WARN_BLOCK_CAPTURE_AUTORELEASING = YES;
				CLANG_WARN_BOOL_CONVERSION = YES;
				CLANG_WARN_COMMA = YES;
				CLANG_WARN_CONSTANT_CONVERSION = YES;
				CLANG_WARN_DEPRECATED_OBJC_IMPLEMENTATIONS = YES;
				CLANG_WARN_DIRECT_OBJC_ISA_USAGE = YES_ERROR;
				CLANG_WARN_DOCUMENTATION_COMMENTS = YES;
				CLANG_WARN_EMPTY_BODY = YES;
				CLANG_WARN_ENUM_CONVERSION = YES;
				CLANG_WARN_INFINITE_RECURSION = YES;
				CLANG_WARN_INT_CONVERSION = YES;
				CLANG_WARN_NON_LITERAL_NULL_CONVERSION = YES;
				CLANG_WARN_OBJC_IMPLICIT_RETAIN_SELF = YES;
				CLANG_WARN_OBJC_LITERAL_CONVERSION = YES;
				CLANG_WARN_OBJC_ROOT_CLASS = YES_ERROR;
				CLANG_WARN_QUOTED_INCLUDE_IN_FRAMEWORK_HEADER = YES;
				CLANG_WARN_RANGE_LOOP_ANALYSIS = YES;
				CLANG_WARN_STRICT_PROTOTYPES = YES;
				CLANG_WARN_SUSPICIOUS_MOVE = YES;
				CLANG_WARN_UNGUARDED_AVAILABILITY = YES_AGGRESSIVE;
				CLANG_WARN_UNREACHABLE_CODE = YES;
				CLANG_WARN__DUPLICATE_METHOD_MATCH = YES;
				COPY_PHASE_STRIP = NO;
				DEBUG_INFORMATION_FORMAT = dwarf;
				ENABLE_STRICT_OBJC_MSGSEND = YES;
				ENABLE_TESTABILITY = YES;
				GCC_C_LANGUAGE_STANDARD = gnu11;
				GCC_DYNAMIC_NO_PIC = NO;
				GCC_NO_COMMON_BLOCKS = YES;
				GCC_OPTIMIZATION_LEVEL = 0;
				GCC_PREPROCESSOR_DEFINITIONS = (
					"DEBUG=1",
					"$(inherited)",
				);
				GCC_WARN_64_TO_32_BIT_CONVERSION = YES;
				GCC_WARN_ABOUT_RETURN_TYPE = YES_ERROR;
				GCC_WARN_UNDECLARED_SELECTOR = YES;
				GCC_WARN_UNINITIALIZED_AUTOS = YES_AGGRESSIVE;
				GCC_WARN_UNUSED_FUNCTION = YES;
				GCC_WARN_UNUSED_VARIABLE = YES;
				IPHONEOS_DEPLOYMENT_TARGET = 16.2;
				MTL_ENABLE_DEBUG_INFO = INCLUDE_SOURCE;
				MTL_FAST_MATH = YES;
				ONLY_ACTIVE_ARCH = YES;
				SDKROOT = iphoneos;
				SWIFT_ACTIVE_COMPILATION_CONDITIONS = DEBUG;
				SWIFT_OPTIMIZATION_LEVEL = "-Onone";
			};
			name = Debug;
		};
		04FE594629F2302000BD5D2D /* Release */ = {
			isa = XCBuildConfiguration;
			buildSettings = {
				ALWAYS_SEARCH_USER_PATHS = NO;
				CLANG_ANALYZER_NONNULL = YES;
				CLANG_ANALYZER_NUMBER_OBJECT_CONVERSION = YES_AGGRESSIVE;
				CLANG_CXX_LANGUAGE_STANDARD = "gnu++20";
				CLANG_ENABLE_MODULES = YES;
				CLANG_ENABLE_OBJC_ARC = YES;
				CLANG_ENABLE_OBJC_WEAK = YES;
				CLANG_WARN_BLOCK_CAPTURE_AUTORELEASING = YES;
				CLANG_WARN_BOOL_CONVERSION = YES;
				CLANG_WARN_COMMA = YES;
				CLANG_WARN_CONSTANT_CONVERSION = YES;
				CLANG_WARN_DEPRECATED_OBJC_IMPLEMENTATIONS = YES;
				CLANG_WARN_DIRECT_OBJC_ISA_USAGE = YES_ERROR;
				CLANG_WARN_DOCUMENTATION_COMMENTS = YES;
				CLANG_WARN_EMPTY_BODY = YES;
				CLANG_WARN_ENUM_CONVERSION = YES;
				CLANG_WARN_INFINITE_RECURSION = YES;
				CLANG_WARN_INT_CONVERSION = YES;
				CLANG_WARN_NON_LITERAL_NULL_CONVERSION = YES;
				CLANG_WARN_OBJC_IMPLICIT_RETAIN_SELF = YES;
				CLANG_WARN_OBJC_LITERAL_CONVERSION = YES;
				CLANG_WARN_OBJC_ROOT_CLASS = YES_ERROR;
				CLANG_WARN_QUOTED_INCLUDE_IN_FRAMEWORK_HEADER = YES;
				CLANG_WARN_RANGE_LOOP_ANALYSIS = YES;
				CLANG_WARN_STRICT_PROTOTYPES = YES;
				CLANG_WARN_SUSPICIOUS_MOVE = YES;
				CLANG_WARN_UNGUARDED_AVAILABILITY = YES_AGGRESSIVE;
				CLANG_WARN_UNREACHABLE_CODE = YES;
				CLANG_WARN__DUPLICATE_METHOD_MATCH = YES;
				COPY_PHASE_STRIP = NO;
				DEBUG_INFORMATION_FORMAT = "dwarf-with-dsym";
				ENABLE_NS_ASSERTIONS = NO;
				ENABLE_STRICT_OBJC_MSGSEND = YES;
				GCC_C_LANGUAGE_STANDARD = gnu11;
				GCC_NO_COMMON_BLOCKS = YES;
				GCC_WARN_64_TO_32_BIT_CONVERSION = YES;
				GCC_WARN_ABOUT_RETURN_TYPE = YES_ERROR;
				GCC_WARN_UNDECLARED_SELECTOR = YES;
				GCC_WARN_UNINITIALIZED_AUTOS = YES_AGGRESSIVE;
				GCC_WARN_UNUSED_FUNCTION = YES;
				GCC_WARN_UNUSED_VARIABLE = YES;
				IPHONEOS_DEPLOYMENT_TARGET = 16.2;
				MTL_ENABLE_DEBUG_INFO = NO;
				MTL_FAST_MATH = YES;
				SDKROOT = iphoneos;
				SWIFT_COMPILATION_MODE = wholemodule;
				SWIFT_OPTIMIZATION_LEVEL = "-O";
				VALIDATE_PRODUCT = YES;
			};
			name = Release;
		};
		04FE594829F2302000BD5D2D /* Debug */ = {
			isa = XCBuildConfiguration;
			baseConfigurationReference = 579FF6A8CA1E477B0D9A3496 /* Pods-YZXRandomProject.debug.xcconfig */;
			buildSettings = {
				ASSETCATALOG_COMPILER_APPICON_NAME = AppIcon;
				ASSETCATALOG_COMPILER_GLOBAL_ACCENT_COLOR_NAME = AccentColor;
				ASSETCATALOG_COMPILER_INCLUDE_ALL_APPICON_ASSETS = NO;
				CODE_SIGN_STYLE = Automatic;
				CURRENT_PROJECT_VERSION = 1;
				GENERATE_INFOPLIST_FILE = YES;
				INFOPLIST_FILE = YZXRandomProject/Info.plist;
				INFOPLIST_KEY_UIApplicationSupportsIndirectInputEvents = YES;
				INFOPLIST_KEY_UILaunchStoryboardName = "";
				INFOPLIST_KEY_UISupportedInterfaceOrientations = UIInterfaceOrientationPortrait;
				IPHONEOS_DEPLOYMENT_TARGET = 11.0;
				LD_RUNPATH_SEARCH_PATHS = (
					"$(inherited)",
					"@executable_path/Frameworks",
				);
				MARKETING_VERSION = 1.0;
				PRODUCT_BUNDLE_IDENTIFIER = yzx.random.com.YZXRandomProject;
				PRODUCT_NAME = "$(TARGET_NAME)";
				SUPPORTED_PLATFORMS = "iphoneos iphonesimulator";
				SUPPORTS_MACCATALYST = NO;
				SUPPORTS_MAC_DESIGNED_FOR_IPHONE_IPAD = YES;
				SWIFT_EMIT_LOC_STRINGS = YES;
				SWIFT_VERSION = 5.0;
				TARGETED_DEVICE_FAMILY = 1;
			};
			name = Debug;
		};
		04FE594929F2302000BD5D2D /* Release */ = {
			isa = XCBuildConfiguration;
			baseConfigurationReference = 20EBA2F76B00FF375A7BB8F6 /* Pods-YZXRandomProject.release.xcconfig */;
			buildSettings = {
				ASSETCATALOG_COMPILER_APPICON_NAME = AppIcon;
				ASSETCATALOG_COMPILER_GLOBAL_ACCENT_COLOR_NAME = AccentColor;
				ASSETCATALOG_COMPILER_INCLUDE_ALL_APPICON_ASSETS = NO;
				CODE_SIGN_STYLE = Automatic;
				CURRENT_PROJECT_VERSION = 1;
				GENERATE_INFOPLIST_FILE = YES;
				INFOPLIST_FILE = YZXRandomProject/Info.plist;
				INFOPLIST_KEY_UIApplicationSupportsIndirectInputEvents = YES;
				INFOPLIST_KEY_UILaunchStoryboardName = "";
				INFOPLIST_KEY_UISupportedInterfaceOrientations = UIInterfaceOrientationPortrait;
				IPHONEOS_DEPLOYMENT_TARGET = 11.0;
				LD_RUNPATH_SEARCH_PATHS = (
					"$(inherited)",
					"@executable_path/Frameworks",
				);
				MARKETING_VERSION = 1.0;
				PRODUCT_BUNDLE_IDENTIFIER = yzx.random.com.YZXRandomProject;
				PRODUCT_NAME = "$(TARGET_NAME)";
				SUPPORTED_PLATFORMS = "iphoneos iphonesimulator";
				SUPPORTS_MACCATALYST = NO;
				SUPPORTS_MAC_DESIGNED_FOR_IPHONE_IPAD = YES;
				SWIFT_EMIT_LOC_STRINGS = YES;
				SWIFT_VERSION = 5.0;
				TARGETED_DEVICE_FAMILY = 1;
			};
			name = Release;
		};
/* End XCBuildConfiguration section */

/* Begin XCConfigurationList section */
		04FE592E29F2301F00BD5D2D /* Build configuration list for PBXProject "YZXRandomProject" */ = {
			isa = XCConfigurationList;
			buildConfigurations = (
				04FE594529F2302000BD5D2D /* Debug */,
				04FE594629F2302000BD5D2D /* Release */,
			);
			defaultConfigurationIsVisible = 0;
			defaultConfigurationName = Release;
		};
		04FE594729F2302000BD5D2D /* Build configuration list for PBXNativeTarget "YZXRandomProject" */ = {
			isa = XCConfigurationList;
			buildConfigurations = (
				04FE594829F2302000BD5D2D /* Debug */,
				04FE594929F2302000BD5D2D /* Release */,
			);
			defaultConfigurationIsVisible = 0;
			defaultConfigurationName = Release;
		};
/* End XCConfigurationList section */
	};
	rootObject = 04FE592B29F2301F00BD5D2D /* Project object */;
}
